# THIS IS AN AUTOGENERATED FILE. DO NOT EDIT THIS FILE DIRECTLY.
# yarn lockfile v1


"@ant-design/colors@^6.0.0":
  "integrity" "sha512-qAZRvPzfdWHtfameEGP2Qvuf838NhergR35o+EuVyB5XvSA98xod5r4utvi4TJ3ywmevm290g9nsCG5MryrdWQ=="
  "resolved" "http://localhost:4873/@ant-design/colors/-/colors-6.0.0.tgz"
  "version" "6.0.0"
  dependencies:
    "@ctrl/tinycolor" "^3.4.0"

"@ant-design/icons-svg@^4.2.1":
  "integrity" "sha512-4QBZg8ccyC6LPIRii7A0bZUk3+lEDCLnhB+FVsflGdcWPPmV+j3fire4AwwoqHV/BibgvBmR9ZIo4s867smv+g=="
  "resolved" "http://localhost:4873/@ant-design/icons-svg/-/icons-svg-4.3.1.tgz"
  "version" "4.3.1"

"@ant-design/icons-vue@^7.0.0":
  "integrity" "sha512-VEb0r/Jqo2qi9olfBephYlyxbmhQVZ5+tJ3Zw5VaBd5h0wV1zdjGt5mJxSbRRs2mnnOWpsa1s4PeoLwNnkLV/w=="
  "resolved" "http://localhost:4873/@ant-design/icons-vue/-/icons-vue-7.0.0.tgz"
  "version" "7.0.0"
  dependencies:
    "@ant-design/colors" "^6.0.0"
    "@ant-design/icons-svg" "^4.2.1"

"@babel/parser@^7.20.15", "@babel/parser@^7.21.3":
  "integrity" "sha512-R5zb8eJIBPJriQtbH/htEQy4k7E2dHWlD2Y2VT07JCzwYZHBxV5ZYtM0UhXSNMT74LyxuM+b1jdL7pSesXbC/g=="
  "resolved" "http://124.70.149.18:4873/@babel%2fparser/-/parser-7.22.11.tgz"
  "version" "7.22.11"

"@babel/runtime@^7.10.5":
  "integrity" "sha512-T0O+aa+4w0u06iNmapipJXMV4HoUir03hpx3/YqXXhu9xim3w+dVphjFWl1OH8NbZHw5Lbm9k45drDkgq2VNNA=="
  "resolved" "http://localhost:4873/@babel/runtime/-/runtime-7.22.15.tgz"
  "version" "7.22.15"
  dependencies:
    "regenerator-runtime" "^0.14.0"

"@ctrl/tinycolor@^3.4.0", "@ctrl/tinycolor@^3.5.0":
  "integrity" "sha512-SITSV6aIXsuVNV3f3O0f2n/cgyEDWoSqtZMYiAmcsYHydcKrOz3gUxB/iXd/Qf08+IZX4KpgNbvUdMBmWz+kcA=="
  "resolved" "http://localhost:4873/@ctrl/tinycolor/-/tinycolor-3.6.1.tgz"
  "version" "3.6.1"

"@emotion/hash@^0.9.0":
  "integrity" "sha512-gJB6HLm5rYwSLI6PQa+X1t5CFGrv1J1TWG+sOyMCeKz2ojaj6Fnl/rZEspogG+cvqbt4AE/2eIyD2QfLKTBNlQ=="
  "resolved" "http://localhost:4873/@emotion/hash/-/hash-0.9.1.tgz"
  "version" "0.9.1"

"@emotion/unitless@^0.8.0":
  "integrity" "sha512-KOEGMu6dmJZtpadb476IsZBclKvILjopjUii3V+7MnXIQCYh8W3NgNcgwo21n9LXZX6EDIKvqfjYxXebDwxKmQ=="
  "resolved" "http://localhost:4873/@emotion/unitless/-/unitless-0.8.1.tgz"
  "version" "0.8.1"

"@esbuild/darwin-arm64@0.18.20":
  "integrity" "sha512-bxRHW5kHU38zS2lPTPOyuyTm+S+eobPUnTNkdJEfAddYgEcll4xkT8DB9d2008DtTbl7uJag2HuE5NZAZgnNEA=="
  "resolved" "http://localhost:4873/@esbuild/darwin-arm64/-/darwin-arm64-0.18.20.tgz"
  "version" "0.18.20"

"@jridgewell/sourcemap-codec@^1.4.15":
  "integrity" "sha512-eF2rxCRulEKXHTRiDrDy6erMYWqNw4LPdQ8UQA4huuxaQsVeRPFl2oM8oDGxMFhJUWZf9McpLtJasDDZb/Bpeg=="
  "resolved" "http://124.70.149.18:4873/@jridgewell%2fsourcemap-codec/-/sourcemap-codec-1.4.15.tgz"
  "version" "1.4.15"

"@simonwep/pickr@~1.8.0":
  "integrity" "sha512-/l5w8BIkrpP6n1xsetx9MWPWlU6OblN5YgZZphxan0Tq4BByTCETL6lyIeY8lagalS2Nbt4F2W034KHLIiunKA=="
  "resolved" "http://localhost:4873/@simonwep/pickr/-/pickr-1.8.2.tgz"
  "version" "1.8.2"
  dependencies:
    "core-js" "^3.15.1"
    "nanopop" "^2.1.0"

"@types/lodash@^4.14.197":
  "integrity" "sha512-BMVOiWs0uNxHVlHBgzTIqJYmj+PgCo4euloGF+5m4okL3rEYzM2EEv78mw8zWSMM57dM7kVIgJ2QDvwHSoCI5g=="
  "resolved" "http://124.70.149.18:4873/@types%2flodash/-/lodash-4.14.197.tgz"
  "version" "4.14.197"

"@types/node@^20.6.2", "@types/node@>= 14":
  "integrity" "sha512-Y+/1vGBHV/cYk6OI1Na/LHzwnlNCAfU3ZNGrc1LdRe/LAIbdDPTTv/HU3M7yXN448aTVDq3eKRm2cg7iKLb8gw=="
  "resolved" "http://localhost:4873/@types/node/-/node-20.6.2.tgz"
  "version" "20.6.2"

"@vitejs/plugin-vue@^4.2.3":
  "integrity" "sha512-ssxyhIAZqB0TrpUg6R0cBpCuMk9jTIlO1GNSKKQD6S8VjnXi6JXKfUXjSsxey9IwQiaRGsO1WnW9Rkl1L6AJVw=="
  "resolved" "http://124.70.149.18:4873/@vitejs%2fplugin-vue/-/plugin-vue-4.3.3.tgz"
  "version" "4.3.3"

"@volar/language-core@~1.10.0", "@volar/language-core@1.10.1":
  "integrity" "sha512-JnsM1mIPdfGPxmoOcK1c7HYAsL6YOv0TCJ4aW3AXPZN/Jb4R77epDyMZIVudSGjWMbvv/JfUa+rQ+dGKTmgwBA=="
  "resolved" "http://124.70.149.18:4873/@volar%2flanguage-core/-/language-core-1.10.1.tgz"
  "version" "1.10.1"
  dependencies:
    "@volar/source-map" "1.10.1"

"@volar/source-map@~1.10.0", "@volar/source-map@1.10.1":
  "integrity" "sha512-3/S6KQbqa7pGC8CxPrg69qHLpOvkiPHGJtWPkI/1AXCsktkJ6gIk/5z4hyuMp8Anvs6eS/Kvp/GZa3ut3votKA=="
  "resolved" "http://124.70.149.18:4873/@volar%2fsource-map/-/source-map-1.10.1.tgz"
  "version" "1.10.1"
  dependencies:
    "muggle-string" "^0.3.1"

"@volar/typescript@~1.10.0":
  "integrity" "sha512-+iiO9yUSRHIYjlteT+QcdRq8b44qH19/eiUZtjNtuh6D9ailYM7DVR0zO2sEgJlvCaunw/CF9Ov2KooQBpR4VQ=="
  "resolved" "http://124.70.149.18:4873/@volar%2ftypescript/-/typescript-1.10.1.tgz"
  "version" "1.10.1"
  dependencies:
    "@volar/language-core" "1.10.1"

"@vue/compiler-core@3.3.4":
  "integrity" "sha512-cquyDNvZ6jTbf/+x+AgM2Arrp6G4Dzbb0R64jiG804HRMfRiFXWI6kqUVqZ6ZR0bQhIoQjB4+2bhNtVwndW15g=="
  "resolved" "http://124.70.149.18:4873/@vue%2fcompiler-core/-/compiler-core-3.3.4.tgz"
  "version" "3.3.4"
  dependencies:
    "@babel/parser" "^7.21.3"
    "@vue/shared" "3.3.4"
    "estree-walker" "^2.0.2"
    "source-map-js" "^1.0.2"

"@vue/compiler-dom@^3.3.0", "@vue/compiler-dom@3.3.4":
  "integrity" "sha512-wyM+OjOVpuUukIq6p5+nwHYtj9cFroz9cwkfmP9O1nzH68BenTTv0u7/ndggT8cIQlnBeOo6sUT/gvHcIkLA5w=="
  "resolved" "http://124.70.149.18:4873/@vue%2fcompiler-dom/-/compiler-dom-3.3.4.tgz"
  "version" "3.3.4"
  dependencies:
    "@vue/compiler-core" "3.3.4"
    "@vue/shared" "3.3.4"

"@vue/compiler-sfc@3.3.4":
  "integrity" "sha512-6y/d8uw+5TkCuzBkgLS0v3lSM3hJDntFEiUORM11pQ/hKvkhSKZrXW6i69UyXlJQisJxuUEJKAWEqWbWsLeNKQ=="
  "resolved" "http://124.70.149.18:4873/@vue%2fcompiler-sfc/-/compiler-sfc-3.3.4.tgz"
  "version" "3.3.4"
  dependencies:
    "@babel/parser" "^7.20.15"
    "@vue/compiler-core" "3.3.4"
    "@vue/compiler-dom" "3.3.4"
    "@vue/compiler-ssr" "3.3.4"
    "@vue/reactivity-transform" "3.3.4"
    "@vue/shared" "3.3.4"
    "estree-walker" "^2.0.2"
    "magic-string" "^0.30.0"
    "postcss" "^8.1.10"
    "source-map-js" "^1.0.2"

"@vue/compiler-ssr@3.3.4":
  "integrity" "sha512-m0v6oKpup2nMSehwA6Uuu+j+wEwcy7QmwMkVNVfrV9P2qE5KshC6RwOCq8fjGS/Eak/uNb8AaWekfiXxbBB6gQ=="
  "resolved" "http://124.70.149.18:4873/@vue%2fcompiler-ssr/-/compiler-ssr-3.3.4.tgz"
  "version" "3.3.4"
  dependencies:
    "@vue/compiler-dom" "3.3.4"
    "@vue/shared" "3.3.4"

"@vue/language-core@1.8.8":
  "integrity" "sha512-i4KMTuPazf48yMdYoebTkgSOJdFraE4pQf0B+FTOFkbB+6hAfjrSou/UmYWRsWyZV6r4Rc6DDZdI39CJwL0rWw=="
  "resolved" "http://124.70.149.18:4873/@vue%2flanguage-core/-/language-core-1.8.8.tgz"
  "version" "1.8.8"
  dependencies:
    "@volar/language-core" "~1.10.0"
    "@volar/source-map" "~1.10.0"
    "@vue/compiler-dom" "^3.3.0"
    "@vue/reactivity" "^3.3.0"
    "@vue/shared" "^3.3.0"
    "minimatch" "^9.0.0"
    "muggle-string" "^0.3.1"
    "vue-template-compiler" "^2.7.14"

"@vue/reactivity-transform@3.3.4":
  "integrity" "sha512-MXgwjako4nu5WFLAjpBnCj/ieqcjE2aJBINUNQzkZQfzIZA4xn+0fV1tIYBJvvva3N3OvKGofRLvQIwEQPpaXw=="
  "resolved" "http://124.70.149.18:4873/@vue%2freactivity-transform/-/reactivity-transform-3.3.4.tgz"
  "version" "3.3.4"
  dependencies:
    "@babel/parser" "^7.20.15"
    "@vue/compiler-core" "3.3.4"
    "@vue/shared" "3.3.4"
    "estree-walker" "^2.0.2"
    "magic-string" "^0.30.0"

"@vue/reactivity@^3.3.0", "@vue/reactivity@3.3.4":
  "integrity" "sha512-kLTDLwd0B1jG08NBF3R5rqULtv/f8x3rOFByTDz4J53ttIQEDmALqKqXY0J+XQeN0aV2FBxY8nJDf88yvOPAqQ=="
  "resolved" "http://124.70.149.18:4873/@vue%2freactivity/-/reactivity-3.3.4.tgz"
  "version" "3.3.4"
  dependencies:
    "@vue/shared" "3.3.4"

"@vue/runtime-core@3.3.4":
  "integrity" "sha512-R+bqxMN6pWO7zGI4OMlmvePOdP2c93GsHFM/siJI7O2nxFRzj55pLwkpCedEY+bTMgp5miZ8CxfIZo3S+gFqvA=="
  "resolved" "http://124.70.149.18:4873/@vue%2fruntime-core/-/runtime-core-3.3.4.tgz"
  "version" "3.3.4"
  dependencies:
    "@vue/reactivity" "3.3.4"
    "@vue/shared" "3.3.4"

"@vue/runtime-dom@3.3.4":
  "integrity" "sha512-Aj5bTJ3u5sFsUckRghsNjVTtxZQ1OyMWCr5dZRAPijF/0Vy4xEoRCwLyHXcj4D0UFbJ4lbx3gPTgg06K/GnPnQ=="
  "resolved" "http://124.70.149.18:4873/@vue%2fruntime-dom/-/runtime-dom-3.3.4.tgz"
  "version" "3.3.4"
  dependencies:
    "@vue/runtime-core" "3.3.4"
    "@vue/shared" "3.3.4"
    "csstype" "^3.1.1"

"@vue/server-renderer@3.3.4":
  "integrity" "sha512-Q6jDDzR23ViIb67v+vM1Dqntu+HUexQcsWKhhQa4ARVzxOY2HbC7QRW/ggkDBd5BU+uM1sV6XOAP0b216o34JQ=="
  "resolved" "http://124.70.149.18:4873/@vue%2fserver-renderer/-/server-renderer-3.3.4.tgz"
  "version" "3.3.4"
  dependencies:
    "@vue/compiler-ssr" "3.3.4"
    "@vue/shared" "3.3.4"

"@vue/shared@^3.3.0", "@vue/shared@3.3.4":
  "integrity" "sha512-7OjdcV8vQ74eiz1TZLzZP4JwqM5fA94K6yntPS5Z25r9HDuGNzaGdgvwKYq6S+MxwF0TFRwe50fIR/MYnakdkQ=="
  "resolved" "http://124.70.149.18:4873/@vue%2fshared/-/shared-3.3.4.tgz"
  "version" "3.3.4"

"@vue/typescript@1.8.8":
  "integrity" "sha512-jUnmMB6egu5wl342eaUH236v8tdcEPXXkPgj+eI/F6JwW/lb+yAU6U07ZbQ3MVabZRlupIlPESB7ajgAGixhow=="
  "resolved" "http://124.70.149.18:4873/@vue%2ftypescript/-/typescript-1.8.8.tgz"
  "version" "1.8.8"
  dependencies:
    "@volar/typescript" "~1.10.0"
    "@vue/language-core" "1.8.8"

"ant-design-vue@4.x":
  "integrity" "sha512-fbgZbbirLx7rc19ytaGxApwS01CKLRzvEZmH0TVF06niQA9ekx7xkvfQGlmiSaCs4b8nWZi4Bo7gUzRNRt5YJA=="
  "resolved" "http://localhost:4873/ant-design-vue/-/ant-design-vue-4.0.3.tgz"
  "version" "4.0.3"
  dependencies:
    "@ant-design/colors" "^6.0.0"
    "@ant-design/icons-vue" "^7.0.0"
    "@babel/runtime" "^7.10.5"
    "@ctrl/tinycolor" "^3.5.0"
    "@emotion/hash" "^0.9.0"
    "@emotion/unitless" "^0.8.0"
    "@simonwep/pickr" "~1.8.0"
    "array-tree-filter" "^2.1.0"
    "async-validator" "^4.0.0"
    "csstype" "^3.1.1"
    "dayjs" "^1.10.5"
    "dom-align" "^1.12.1"
    "dom-scroll-into-view" "^2.0.0"
    "lodash" "^4.17.21"
    "lodash-es" "^4.17.15"
    "resize-observer-polyfill" "^1.5.1"
    "scroll-into-view-if-needed" "^2.2.25"
    "shallow-equal" "^1.0.0"
    "stylis" "^4.1.3"
    "throttle-debounce" "^5.0.0"
    "vue-types" "^3.0.0"
    "warning" "^4.0.0"

"array-tree-filter@^2.1.0":
  "integrity" "sha512-4ROwICNlNw/Hqa9v+rk5h22KjmzB1JGTMVKP2AKJBOCgb0yL0ASf0+YvCcLNNwquOHNX48jkeZIJ3a+oOQqKcw=="
  "resolved" "http://localhost:4873/array-tree-filter/-/array-tree-filter-2.1.0.tgz"
  "version" "2.1.0"

"async-validator@^4.0.0":
  "integrity" "sha512-7HhHjtERjqlNbZtqNqy2rckN/SpOOlmDliet+lP7k+eKZEjPk3DgyeU9lIXLdeLz0uBbbVp+9Qdow9wJWgwwfg=="
  "resolved" "http://localhost:4873/async-validator/-/async-validator-4.2.5.tgz"
  "version" "4.2.5"

"asynckit@^0.4.0":
  "integrity" "sha512-Oei9OH4tRh0YqU3GxhX79dM/mwVgvbZJaSNaRk+bshkj0S5cfHcgYakreBjrHwatXKbz+IoIdYLxrKim2MjW0Q=="
  "resolved" "http://localhost:4873/asynckit/-/asynckit-0.4.0.tgz"
  "version" "0.4.0"

"axios@^1.5.0":
  "integrity" "sha512-D4DdjDo5CY50Qms0qGQTTw6Q44jl7zRwY7bthds06pUGfChBCTcQs+N743eFWGEd6pRTMd6A+I87aWyFV5wiZQ=="
  "resolved" "http://localhost:4873/axios/-/axios-1.5.0.tgz"
  "version" "1.5.0"
  dependencies:
    "follow-redirects" "^1.15.0"
    "form-data" "^4.0.0"
    "proxy-from-env" "^1.1.0"

"balanced-match@^1.0.0":
  "integrity" "sha512-3oSeUO0TMV67hN1AmbXsK4yaqU7tjiHlbxRDZOpH0KW9+CeX4bRAaX0Anxt0tx2MrpRpWwQaPwIlISEJhYU5Pw=="
  "resolved" "http://124.70.149.18:4873/balanced-match/-/balanced-match-1.0.2.tgz"
  "version" "1.0.2"

"brace-expansion@^2.0.1":
  "integrity" "sha512-XnAIvQ8eM+kC6aULx6wuQiwVsnzsi9d3WxzV3FpWTGA19F621kwdbsAcFKXgKUHZWsy+mY6iL1sHTxWEFCytDA=="
  "resolved" "http://124.70.149.18:4873/brace-expansion/-/brace-expansion-2.0.1.tgz"
  "version" "2.0.1"
  dependencies:
    "balanced-match" "^1.0.0"

"combined-stream@^1.0.8":
  "integrity" "sha512-FQN4MRfuJeHf7cBbBMJFXhKSDq+2kAArBlmRBvcvFE5BB1HZKXtSFASDhdlz9zOYwxh8lDdnvmMOe/+5cdoEdg=="
  "resolved" "http://localhost:4873/combined-stream/-/combined-stream-1.0.8.tgz"
  "version" "1.0.8"
  dependencies:
    "delayed-stream" "~1.0.0"

"compute-scroll-into-view@^1.0.20":
  "integrity" "sha512-UCB0ioiyj8CRjtrvaceBLqqhZCVP+1B8+NWQhmdsm0VXOJtobBCf1dBQmebCCo34qZmUwZfIH2MZLqNHazrfjg=="
  "resolved" "http://localhost:4873/compute-scroll-into-view/-/compute-scroll-into-view-1.0.20.tgz"
  "version" "1.0.20"

"core-js@^3.15.1":
  "integrity" "sha512-pxXSw1mYZPDGvTQqEc5vgIb83jGQKFGYWY76z4a7weZXUolw3G+OvpZqSRcfYOoOVUQJYEPsWeQK8pKEnUtWxQ=="
  "resolved" "http://localhost:4873/core-js/-/core-js-3.32.2.tgz"
  "version" "3.32.2"

"csstype@^3.1.1":
  "integrity" "sha512-I7K1Uu0MBPzaFKg4nI5Q7Vs2t+3gWWW648spaF+Rg7pI9ds18Ugn+lvg4SHczUdKlHI5LWBXyqfS8+DufyBsgQ=="
  "resolved" "http://124.70.149.18:4873/csstype/-/csstype-3.1.2.tgz"
  "version" "3.1.2"

"dayjs@^1.10.5":
  "integrity" "sha512-QvzAURSbQ0pKdIye2txOzNaHmxtUBXerpY0FJsFXUMKbIZeFm5ht1LS/jFsrncjnmtv8HsG0W2g6c0zUjZWmpA=="
  "resolved" "http://localhost:4873/dayjs/-/dayjs-1.11.9.tgz"
  "version" "1.11.9"

"de-indent@^1.0.2":
  "integrity" "sha1-sgOOhG3DO6pXlhKNCAS0VbjB4h0= sha512-e/1zu3xH5MQryN2zdVaF0OrdNLUbvWxzMbi+iNA6Bky7l1RoP8a2fIbRocyHclXt/arDrrR6lL3TqFD9pMQTsg=="
  "resolved" "http://124.70.149.18:4873/de-indent/-/de-indent-1.0.2.tgz"
  "version" "1.0.2"

"delayed-stream@~1.0.0":
  "integrity" "sha512-ZySD7Nf91aLB0RxL4KGrKHBXl7Eds1DAmEdcoVawXnLD7SDhpNgtuII2aAkg7a7QS41jxPSZ17p4VdGnMHk3MQ=="
  "resolved" "http://localhost:4873/delayed-stream/-/delayed-stream-1.0.0.tgz"
  "version" "1.0.0"

"dom-align@^1.12.1":
  "integrity" "sha512-R8LUSEay/68zE5c8/3BDxiTEvgb4xZTF0RKmAHfiEVN3klfIpXfi2/QCoiWPccVQ0J/ZGdz9OjzL4uJEP/MRAw=="
  "resolved" "http://localhost:4873/dom-align/-/dom-align-1.12.4.tgz"
  "version" "1.12.4"

"dom-scroll-into-view@^2.0.0":
  "integrity" "sha512-bvVTQe1lfaUr1oFzZX80ce9KLDlZ3iU+XGNE/bz9HnGdklTieqsbmsLHe+rT2XWqopvL0PckkYqN7ksmm5pe3w=="
  "resolved" "http://localhost:4873/dom-scroll-into-view/-/dom-scroll-into-view-2.0.1.tgz"
  "version" "2.0.1"

"esbuild@^0.18.10":
  "integrity" "sha512-ceqxoedUrcayh7Y7ZX6NdbbDzGROiyVBgC4PriJThBKSVPWnnFHZAkfI1lJT8QFkOwH4qOS2SJkS4wvpGl8BpA=="
  "resolved" "http://124.70.149.18:4873/esbuild/-/esbuild-0.18.20.tgz"
  "version" "0.18.20"
  optionalDependencies:
    "@esbuild/android-arm" "0.18.20"
    "@esbuild/android-arm64" "0.18.20"
    "@esbuild/android-x64" "0.18.20"
    "@esbuild/darwin-arm64" "0.18.20"
    "@esbuild/darwin-x64" "0.18.20"
    "@esbuild/freebsd-arm64" "0.18.20"
    "@esbuild/freebsd-x64" "0.18.20"
    "@esbuild/linux-arm" "0.18.20"
    "@esbuild/linux-arm64" "0.18.20"
    "@esbuild/linux-ia32" "0.18.20"
    "@esbuild/linux-loong64" "0.18.20"
    "@esbuild/linux-mips64el" "0.18.20"
    "@esbuild/linux-ppc64" "0.18.20"
    "@esbuild/linux-riscv64" "0.18.20"
    "@esbuild/linux-s390x" "0.18.20"
    "@esbuild/linux-x64" "0.18.20"
    "@esbuild/netbsd-x64" "0.18.20"
    "@esbuild/openbsd-x64" "0.18.20"
    "@esbuild/sunos-x64" "0.18.20"
    "@esbuild/win32-arm64" "0.18.20"
    "@esbuild/win32-ia32" "0.18.20"
    "@esbuild/win32-x64" "0.18.20"

"estree-walker@^2.0.2":
  "integrity" "sha512-Rfkk/Mp/DL7JVje3u18FxFujQlTNR2q6QfMSMB7AvCBx91NGj/ba3kCfza0f6dVDbw7YlRf/nDrn7pQrCCyQ/w=="
  "resolved" "http://124.70.149.18:4873/estree-walker/-/estree-walker-2.0.2.tgz"
  "version" "2.0.2"

"follow-redirects@^1.15.0":
  "integrity" "sha512-VQLG33o04KaQ8uYi2tVNbdrWp1QWxNNea+nmIB4EVM28v0hmP17z7aG1+wAkNzVq4KeXTq3221ye5qTJP91JwA=="
  "resolved" "http://localhost:4873/follow-redirects/-/follow-redirects-1.15.2.tgz"
  "version" "1.15.2"

"form-data@^4.0.0":
  "integrity" "sha512-ETEklSGi5t0QMZuiXoA/Q6vcnxcLQP5vdugSpuAyi6SVGi2clPPp+xgEhuMaHC+zGgn31Kd235W35f7Hykkaww=="
  "resolved" "http://localhost:4873/form-data/-/form-data-4.0.0.tgz"
  "version" "4.0.0"
  dependencies:
    "asynckit" "^0.4.0"
    "combined-stream" "^1.0.8"
    "mime-types" "^2.1.12"

"fsevents@~2.3.2":
  "integrity" "sha512-5xoDfX+fL7faATnagmWPpbFtwh/R77WmMMqqHGS65C3vvB0YHrgF+B1YmZ3441tMj5n63k0212XNoJwzlhffQw=="
  "resolved" "http://124.70.149.18:4873/fsevents/-/fsevents-2.3.3.tgz"
  "version" "2.3.3"

"he@^1.2.0":
  "integrity" "sha512-F/1DnUGPopORZi0ni+CvrCgHQ5FyEAHRLSApuYWMmrbSwoN2Mn/7k+Gl38gJnR7yyDZk6WLXwiGod1JOWNDKGw=="
  "resolved" "http://124.70.149.18:4873/he/-/he-1.2.0.tgz"
  "version" "1.2.0"

"is-plain-object@3.0.1":
  "integrity" "sha512-Xnpx182SBMrr/aBik8y+GuR4U1L9FqMSojwDQwPMmxyC6bvEqly9UBCxhauBF5vNh2gwWJNX6oDV7O+OM4z34g=="
  "resolved" "http://localhost:4873/is-plain-object/-/is-plain-object-3.0.1.tgz"
  "version" "3.0.1"

"is-plain-object@5.0.0":
  "integrity" "sha512-VRSzKkbMm5jMDoKLbltAkFQ5Qr7VDiTFGXxYFXXowVj387GeGNOCsOH6Msy00SGZ3Fp84b1Naa1psqgcCIEP5Q=="
  "resolved" "http://124.70.149.18:4873/is-plain-object/-/is-plain-object-5.0.0.tgz"
  "version" "5.0.0"

"js-tokens@^3.0.0 || ^4.0.0":
  "integrity" "sha512-RdJUflcE3cUzKiMqQgsCu06FPu9UdIJO0beYbPhHN4k6apgJtifcoCtT9bcxOpYBtpD2kCM6Sbzg4CausW/PKQ=="
  "resolved" "http://localhost:4873/js-tokens/-/js-tokens-4.0.0.tgz"
  "version" "4.0.0"

"lodash-es@^4.17.15":
  "integrity" "sha512-mKnC+QJ9pWVzv+C4/U3rRsHapFfHvQFoFB92e52xeyGMcX6/OlIl78je1u8vePzYZSkkogMPJ2yjxxsb89cxyw=="
  "resolved" "http://localhost:4873/lodash-es/-/lodash-es-4.17.21.tgz"
  "version" "4.17.21"

"lodash@^4.17.21":
  "integrity" "sha512-v2kDEe57lecTulaDIuNTPy3Ry4gLGJ6Z1O3vE1krgXZNrsQ+LFTGHVxVjcXPs17LhbZVGedAJv8XZ1tvj5FvSg=="
  "resolved" "http://124.70.149.18:4873/lodash/-/lodash-4.17.21.tgz"
  "version" "4.17.21"

"loose-envify@^1.0.0":
  "integrity" "sha512-lyuxPGr/Wfhrlem2CL/UcnUc1zcqKAImBDzukY7Y5F/yQiNdko6+fRLevlw1HgMySw7f611UIY408EtxRSoK3Q=="
  "resolved" "http://localhost:4873/loose-envify/-/loose-envify-1.4.0.tgz"
  "version" "1.4.0"
  dependencies:
    "js-tokens" "^3.0.0 || ^4.0.0"

"lru-cache@^6.0.0":
  "integrity" "sha512-Jo6dJ04CmSjuznwJSS3pUeWmd/H0ffTlkXXgwZi+eq1UCmqQwCh+eLsYOYCwY991i2Fah4h1BEMCx4qThGbsiA=="
  "resolved" "http://124.70.149.18:4873/lru-cache/-/lru-cache-6.0.0.tgz"
  "version" "6.0.0"
  dependencies:
    "yallist" "^4.0.0"

"magic-string@^0.30.0":
  "integrity" "sha512-B7xGbll2fG/VjP+SWg4sX3JynwIU0mjoTc6MPpKNuIvftk6u6vqhDnk1R80b8C2GBR6ywqy+1DcKBrevBg+bmw=="
  "resolved" "http://124.70.149.18:4873/magic-string/-/magic-string-0.30.3.tgz"
  "version" "0.30.3"
  dependencies:
    "@jridgewell/sourcemap-codec" "^1.4.15"

"mime-db@1.52.0":
  "integrity" "sha512-sPU4uV7dYlvtWJxwwxHD0PuihVNiE7TyAbQ5SWxDCB9mUYvOgroQOwYQQOKPJ8CIbE+1ETVlOoK1UC2nU3gYvg=="
  "resolved" "http://localhost:4873/mime-db/-/mime-db-1.52.0.tgz"
  "version" "1.52.0"

"mime-types@^2.1.12":
  "integrity" "sha512-ZDY+bPm5zTTF+YpCrAU9nK0UgICYPT0QtT1NZWFv4s++TNkcgVaT0g6+4R2uI4MjQjzysHB1zxuWL50hzaeXiw=="
  "resolved" "http://localhost:4873/mime-types/-/mime-types-2.1.35.tgz"
  "version" "2.1.35"
  dependencies:
    "mime-db" "1.52.0"

"minimatch@^9.0.0":
  "integrity" "sha512-RHiac9mvaRw0x3AYRgDC1CxAP7HTcNrrECeA8YYJeWnpo+2Q5CegtZjaotWTWxDG3UeGA1coE05iH1mPjT/2mg=="
  "resolved" "http://124.70.149.18:4873/minimatch/-/minimatch-9.0.3.tgz"
  "version" "9.0.3"
  dependencies:
    "brace-expansion" "^2.0.1"

"moduse@^0.1.4":
  "integrity" "sha512-l9/W/AVcH7ZrY1Nmx+t2JOuyv1qifhfqqV0ajlqYD2rnHm9gfkLoiELyWdIMQ1X6ExQPRitJVGEv/KE+/DC9fQ=="
  "resolved" "http://localhost:4873/moduse/-/moduse-0.1.4.tgz"
  "version" "0.1.4"

"muggle-string@^0.3.1":
  "integrity" "sha512-ckmWDJjphvd/FvZawgygcUeQCxzvohjFO5RxTjj4eq8kw359gFF3E1brjfI+viLMxss5JrHTDRHZvu2/tuy0Qg=="
  "resolved" "http://124.70.149.18:4873/muggle-string/-/muggle-string-0.3.1.tgz"
  "version" "0.3.1"

"nanoid@^3.3.6":
  "integrity" "sha512-BGcqMMJuToF7i1rt+2PWSNVnWIkGCU78jBG3RxO/bZlnZPK2Cmi2QaffxGO/2RvWi9sL+FAiRiXMgsyxQ1DIDA=="
  "resolved" "http://124.70.149.18:4873/nanoid/-/nanoid-3.3.6.tgz"
  "version" "3.3.6"

"nanopop@^2.1.0":
  "integrity" "sha512-fzN+T2K7/Ah25XU02MJkPZ5q4Tj5FpjmIYq4rvoHX4yb16HzFdCO6JxFFn5Y/oBhQ8no8fUZavnyIv9/+xkBBw=="
  "resolved" "http://localhost:4873/nanopop/-/nanopop-2.3.0.tgz"
  "version" "2.3.0"

"picocolors@^1.0.0":
  "integrity" "sha512-1fygroTLlHu66zi26VoTDv8yRgm0Fccecssto+MhsZ0D/DGW2sm8E8AjW7NU5VVTRt5GxbeZ5qBuJr+HyLYkjQ=="
  "resolved" "http://124.70.149.18:4873/picocolors/-/picocolors-1.0.0.tgz"
  "version" "1.0.0"

"postcss@^8.1.10", "postcss@^8.4.27":
  "integrity" "sha512-Z7V5j0cq8oEKyejIKfpD8b4eBy9cwW2JWPk0+fB1HOAMsfHbnAXLLS+PfVWlzMSLQaWttKDt607I0XHmpE67Vw=="
  "resolved" "http://124.70.149.18:4873/postcss/-/postcss-8.4.28.tgz"
  "version" "8.4.28"
  dependencies:
    "nanoid" "^3.3.6"
    "picocolors" "^1.0.0"
    "source-map-js" "^1.0.2"

"proxy-from-env@^1.1.0":
  "integrity" "sha512-D+zkORCbA9f1tdWRK0RaCR3GPv50cMxcrz4X8k5LTSUD1Dkw47mKJEZQNunItRTkWwgtaUSo1RVFRIG9ZXiFYg=="
  "resolved" "http://localhost:4873/proxy-from-env/-/proxy-from-env-1.1.0.tgz"
  "version" "1.1.0"

"regenerator-runtime@^0.14.0":
  "integrity" "sha512-srw17NI0TUWHuGa5CFGGmhfNIeja30WMBfbslPNhf6JrqQlLN5gcrvig1oqPxiVaXb0oW0XRKtH6Nngs5lKCIA=="
  "resolved" "http://localhost:4873/regenerator-runtime/-/regenerator-runtime-0.14.0.tgz"
  "version" "0.14.0"

"resize-observer-polyfill@^1.5.1":
  "integrity" "sha512-LwZrotdHOo12nQuZlHEmtuXdqGoOD0OhaxopaNFxWzInpEgaLWoVuAMbTzixuosCx2nEG58ngzW3vxdWoxIgdg=="
  "resolved" "http://localhost:4873/resize-observer-polyfill/-/resize-observer-polyfill-1.5.1.tgz"
  "version" "1.5.1"

"rollup@^3.27.1":
  "integrity" "sha512-R9OMQmIHJm9znrU3m3cpE8uhN0fGdXiawME7aZIpQqvpS/85+Vt1Hq1/yVIcYfOmaQiHjvXkQAoJukvLpau6Yw=="
  "resolved" "http://124.70.149.18:4873/rollup/-/rollup-3.28.1.tgz"
  "version" "3.28.1"
  optionalDependencies:
    "fsevents" "~2.3.2"

"scroll-into-view-if-needed@^2.2.25":
  "integrity" "sha512-dGCXy99wZQivjmjIqihaBQNjryrz5rueJY7eHfTdyWEiR4ttYpsajb14rn9s5d4DY4EcY6+4+U/maARBXJedkA=="
  "resolved" "http://localhost:4873/scroll-into-view-if-needed/-/scroll-into-view-if-needed-2.2.31.tgz"
  "version" "2.2.31"
  dependencies:
    "compute-scroll-into-view" "^1.0.20"

"semver@^7.3.8":
  "integrity" "sha512-1bCSESV6Pv+i21Hvpxp3Dx+pSD8lIPt8uVjRrxAUt/nbswYc+tK6Y2btiULjd4+fnq15PX+nqQDC7Oft7WkwcA=="
  "resolved" "http://124.70.149.18:4873/semver/-/semver-7.5.4.tgz"
  "version" "7.5.4"
  dependencies:
    "lru-cache" "^6.0.0"

"shallow-equal@^1.0.0":
  "integrity" "sha512-S4vJDjHHMBaiZuT9NPb616CSmLf618jawtv3sufLl6ivK8WocjAo58cXwbRV1cgqxH0Qbv+iUt6m05eqEa2IRA=="
  "resolved" "http://localhost:4873/shallow-equal/-/shallow-equal-1.2.1.tgz"
  "version" "1.2.1"

"source-map-js@^1.0.2":
  "integrity" "sha512-R0XvVJ9WusLiqTCEiGCmICCMplcCkIwwR11mOSD9CR5u+IXYdiseeEuXCVAjS54zqwkLcPNnmU4OeJ6tUrWhDw=="
  "resolved" "http://124.70.149.18:4873/source-map-js/-/source-map-js-1.0.2.tgz"
  "version" "1.0.2"

"stylis@^4.1.3":
  "integrity" "sha512-E87pIogpwUsUwXw7dNyU4QDjdgVMy52m+XEOPEKUn161cCzWjjhPSQhByfd1CcNvrOLnXQ6OnnZDwnJrz/Z4YQ=="
  "resolved" "http://localhost:4873/stylis/-/stylis-4.3.0.tgz"
  "version" "4.3.0"

"throttle-debounce@^5.0.0":
  "integrity" "sha512-2iQTSgkkc1Zyk0MeVrt/3BvuOXYPl/R8Z0U2xxo9rjwNciaHDG3R+Lm6dh4EeUci49DanvBnuqI6jshoQQRGEg=="
  "resolved" "http://localhost:4873/throttle-debounce/-/throttle-debounce-5.0.0.tgz"
  "version" "5.0.0"

"typescript@*", "typescript@^5.0.2":
  "integrity" "sha512-zaWCozRZ6DLEWAWFrVDz1H6FVXzUSfTy5FUMWsQlU8Ym5JP9eO4xkTIROFCQvhQf61z6O/G6ugw3SgAnvvm+HA=="
  "resolved" "http://124.70.149.18:4873/typescript/-/typescript-5.1.6.tgz"
  "version" "5.1.6"

"vite@^4.0.0", "vite@^4.4.5":
  "integrity" "sha512-2mbUn2LlUmNASWwSCNSJ/EG2HuSRTnVNaydp6vMCm5VIqJsjMfbIWtbH2kDuwUVW5mMUKKZvGPX/rqeqVvv1XA=="
  "resolved" "http://124.70.149.18:4873/vite/-/vite-4.4.9.tgz"
  "version" "4.4.9"
  dependencies:
    "esbuild" "^0.18.10"
    "postcss" "^8.4.27"
    "rollup" "^3.27.1"
  optionalDependencies:
    "fsevents" "~2.3.2"

"vue-template-compiler@^2.7.14":
  "integrity" "sha512-zyA5Y3ArvVG0NacJDkkzJuPQDF8RFeRlzV2vLeSnhSpieO6LK2OVbdLPi5MPPs09Ii+gMO8nY4S3iKQxBxDmWQ=="
  "resolved" "http://124.70.149.18:4873/vue-template-compiler/-/vue-template-compiler-2.7.14.tgz"
  "version" "2.7.14"
  dependencies:
    "de-indent" "^1.0.2"
    "he" "^1.2.0"

"vue-tsc@^1.8.5":
  "integrity" "sha512-bSydNFQsF7AMvwWsRXD7cBIXaNs/KSjvzWLymq/UtKE36697sboX4EccSHFVxvgdBlI1frYPc/VMKJNB7DFeDQ=="
  "resolved" "http://124.70.149.18:4873/vue-tsc/-/vue-tsc-1.8.8.tgz"
  "version" "1.8.8"
  dependencies:
    "@vue/language-core" "1.8.8"
    "@vue/typescript" "1.8.8"
    "semver" "^7.3.8"

"vue-types@^3.0.0":
  "integrity" "sha512-IwUC0Aq2zwaXqy74h4WCvFCUtoV0iSWr0snWnE9TnU18S66GAQyqQbRf2qfJtUuiFsBf6qp0MEwdonlwznlcrw=="
  "resolved" "http://localhost:4873/vue-types/-/vue-types-3.0.2.tgz"
  "version" "3.0.2"
  dependencies:
    "is-plain-object" "3.0.1"

"vue-types@^5.1.1":
  "integrity" "sha512-FMY/JCLWePXgGIcMDqYdJsQm1G0CDxEjq6W0+tZMJZlX37q/61eSGSIa/XFRwa9T7kkKXuxxl94/2kgxyWQqKw=="
  "resolved" "http://124.70.149.18:4873/vue-types/-/vue-types-5.1.1.tgz"
  "version" "5.1.1"
  dependencies:
    "is-plain-object" "5.0.0"

"vue@^2.0.0 || ^3.0.0", "vue@^3.0.0", "vue@^3.2.25", "vue@^3.3.4", "vue@>=3.0.3", "vue@>=3.2.0", "vue@3.3.4":
  "integrity" "sha512-VTyEYn3yvIeY1Py0WaYGZsXnz3y5UnGi62GjVEqvEGPl6nxbOrCXbVOTQWBEJUqAyTUk2uJ5JLVnYJ6ZzGbrSw=="
  "resolved" "http://124.70.149.18:4873/vue/-/vue-3.3.4.tgz"
  "version" "3.3.4"
  dependencies:
    "@vue/compiler-dom" "3.3.4"
    "@vue/compiler-sfc" "3.3.4"
    "@vue/runtime-dom" "3.3.4"
    "@vue/server-renderer" "3.3.4"
    "@vue/shared" "3.3.4"

"warning@^4.0.0":
  "integrity" "sha512-rpJyN222KWIvHJ/F53XSZv0Zl/accqHR8et1kpaMTD/fLCRxtV8iX8czMzY7sVZupTI3zcUTg8eycS2kNF9l6w=="
  "resolved" "http://localhost:4873/warning/-/warning-4.0.3.tgz"
  "version" "4.0.3"
  dependencies:
    "loose-envify" "^1.0.0"

"yallist@^4.0.0":
  "integrity" "sha512-3wdGidZyq5PB084XLES5TpOSRA3wjXAlIWMhum2kRcv/41Sn2emQ0dycQW4uZXLejwKvg6EsvbdlVL+FYEct7A=="
  "resolved" "http://124.70.149.18:4873/yallist/-/yallist-4.0.0.tgz"
  "version" "4.0.0"
